
Microsoft Visual Studio Solution File, Format Version 12.00
# Visual Studio 15
VisualStudioVersion = 15.0.28307.779
MinimumVisualStudioVersion = 10.0.40219.1
Project("{FAE04EC0-301F-11D3-BF4B-00C04F79EFBC}") = "ExtJSBooks", "ExtJSBooks\ExtJSBooks.csproj", "{A39699B2-7302-40EB-8B83-1CE6CDA35F7F}"
EndProject
Global
	GlobalSection(SolutionConfigurationPlatforms) = preSolution
		Debug|Any CPU = Debug|Any CPU
		Release|Any CPU = Release|Any CPU
	EndGlobalSection
	GlobalSection(ProjectConfigurationPlatforms) = postSolution
		{A39699B2-7302-40EB-8B83-1CE6CDA35F7F}.Debug|Any CPU.ActiveCfg = Debug|Any CPU
		{A39699B2-7302-40EB-8B83-1CE6CDA35F7F}.Debug|Any CPU.Build.0 = Debug|Any CPU
		{A39699B2-7302-40EB-8B83-1CE6CDA35F7F}.Release|Any CPU.ActiveCfg = Release|Any CPU
		{A39699B2-7302-40EB-8B83-1CE6CDA35F7F}.Release|Any CPU.Build.0 = Release|Any CPU
	EndGlobalSection
	GlobalSection(SolutionProperties) = preSolution
		HideSolutionNode = FALSE
	EndGlobalSection
	GlobalSection(ExtensibilityGlobals) = postSolution
		SolutionGuid = {127FD013-3C50-47DA-89BE-A8598CFD2E96}
	EndGlobalSection
EndGlobal
